
Microsoft Visual Studio Solution File, Format Version 12.00
# Visual Studio 15
VisualStudioVersion = 15.0.26730.3
MinimumVisualStudioVersion = 10.0.40219.1
Project("{2150E333-8FDC-42A3-9474-1A3956D46DE8}") = "src", "src", "{CBB56299-3FA0-47C5-9E58-981793F1576C}"
EndProject
Project("{9A19103F-16F7-4668-BE54-9A1E7A4F7556}") = "Cqrs.Queries", "src\Cqrs.Queries\Cqrs.Queries.csproj", "{1D26FBCF-3B7B-4CEE-90EE-148BFA0D958B}"
EndProject
Project("{9A19103F-16F7-4668-BE54-9A1E7A4F7556}") = "Cqrs.Queries.Handlers", "src\Cqrs.Queries.Handlers\Cqrs.Queries.Handlers.csproj", "{CC390527-1320-4428-B789-DEB66A22178E}"
EndProject
Project("{9A19103F-16F7-4668-BE54-9A1E7A4F7556}") = "Cqrs.Metadata", "src\Cqrs.Metadata\Cqrs.Metadata.csproj", "{196F4F21-AFB4-458D-85F8-12ABFC26724E}"
EndProject
Project("{9A19103F-16F7-4668-BE54-9A1E7A4F7556}") = "Cqrs.Metadata.Dynamic", "src\Cqrs.Metadata.Dynamic\Cqrs.Metadata.Dynamic.csproj", "{9986453E-A209-4687-B884-B12B312249B8}"
EndProject
Project("{9A19103F-16F7-4668-BE54-9A1E7A4F7556}") = "Cqrs.Queries.Messaging", "src\Cqrs.Queries.Messaging\Cqrs.Queries.Messaging.csproj", "{96767E83-A371-43C1-97E4-0DC9BE435B30}"
EndProject
Project("{9A19103F-16F7-4668-BE54-9A1E7A4F7556}") = "Cqrs.Queries.Messaging.InMemory", "src\Cqrs.Queries.Messaging.InMemory\Cqrs.Queries.Messaging.InMemory.csproj", "{0F9B004E-86B3-42BF-B4BD-ACB90107F1CC}"
EndProject
Project("{9A19103F-16F7-4668-BE54-9A1E7A4F7556}") = "Cqrs.Queries.Handlers.DependencyInjection", "src\Cqrs.Queries.Handlers.DependencyInjection\Cqrs.Queries.Handlers.DependencyInjection.csproj", "{279B15BD-B9DB-4229-8012-33C3DDFB07F6}"
EndProject
Project("{9A19103F-16F7-4668-BE54-9A1E7A4F7556}") = "Cqrs.Commands", "src\Cqrs.Commands\Cqrs.Commands.csproj", "{034B07E5-C5C0-4BCE-AA2E-B3A8AEA592C0}"
EndProject
Project("{9A19103F-16F7-4668-BE54-9A1E7A4F7556}") = "Cqrs.Commands.Handlers", "src\Cqrs.Commands.Handlers\Cqrs.Commands.Handlers.csproj", "{FFE800A7-8ED1-43E0-8E90-3992E402875D}"
EndProject
Project("{9A19103F-16F7-4668-BE54-9A1E7A4F7556}") = "Cqrs.Commands.Handlers.DependencyInjection", "src\Cqrs.Commands.Handlers.DependencyInjection\Cqrs.Commands.Handlers.DependencyInjection.csproj", "{BD4E2BD1-0573-48F5-B70A-0A7317459580}"
EndProject
Project("{9A19103F-16F7-4668-BE54-9A1E7A4F7556}") = "Cqrs.Commands.Messaging", "src\Cqrs.Commands.Messaging\Cqrs.Commands.Messaging.csproj", "{F5235879-BA55-4AB5-9B4D-32460ADA1E47}"
EndProject
Project("{9A19103F-16F7-4668-BE54-9A1E7A4F7556}") = "Cqrs.Versioning", "src\Cqrs.Versioning\Cqrs.Versioning.csproj", "{AE4E5041-4590-432B-AE6A-F58A17948BA5}"
EndProject
Project("{9A19103F-16F7-4668-BE54-9A1E7A4F7556}") = "Cqrs.Commands.Messaging.InMemory", "src\Cqrs.Commands.Messaging.InMemory\Cqrs.Commands.Messaging.InMemory.csproj", "{38EF4308-788E-4042-9640-35852FB06C00}"
EndProject
Global
	GlobalSection(SolutionConfigurationPlatforms) = preSolution
		Debug|Any CPU = Debug|Any CPU
		Release|Any CPU = Release|Any CPU
	EndGlobalSection
	GlobalSection(ProjectConfigurationPlatforms) = postSolution
		{1D26FBCF-3B7B-4CEE-90EE-148BFA0D958B}.Debug|Any CPU.ActiveCfg = Debug|Any CPU
		{1D26FBCF-3B7B-4CEE-90EE-148BFA0D958B}.Debug|Any CPU.Build.0 = Debug|Any CPU
		{1D26FBCF-3B7B-4CEE-90EE-148BFA0D958B}.Release|Any CPU.ActiveCfg = Release|Any CPU
		{1D26FBCF-3B7B-4CEE-90EE-148BFA0D958B}.Release|Any CPU.Build.0 = Release|Any CPU
		{CC390527-1320-4428-B789-DEB66A22178E}.Debug|Any CPU.ActiveCfg = Debug|Any CPU
		{CC390527-1320-4428-B789-DEB66A22178E}.Debug|Any CPU.Build.0 = Debug|Any CPU
		{CC390527-1320-4428-B789-DEB66A22178E}.Release|Any CPU.ActiveCfg = Release|Any CPU
		{CC390527-1320-4428-B789-DEB66A22178E}.Release|Any CPU.Build.0 = Release|Any CPU
		{196F4F21-AFB4-458D-85F8-12ABFC26724E}.Debug|Any CPU.ActiveCfg = Debug|Any CPU
		{196F4F21-AFB4-458D-85F8-12ABFC26724E}.Debug|Any CPU.Build.0 = Debug|Any CPU
		{196F4F21-AFB4-458D-85F8-12ABFC26724E}.Release|Any CPU.ActiveCfg = Release|Any CPU
		{196F4F21-AFB4-458D-85F8-12ABFC26724E}.Release|Any CPU.Build.0 = Release|Any CPU
		{9986453E-A209-4687-B884-B12B312249B8}.Debug|Any CPU.ActiveCfg = Debug|Any CPU
		{9986453E-A209-4687-B884-B12B312249B8}.Debug|Any CPU.Build.0 = Debug|Any CPU
		{9986453E-A209-4687-B884-B12B312249B8}.Release|Any CPU.ActiveCfg = Release|Any CPU
		{9986453E-A209-4687-B884-B12B312249B8}.Release|Any CPU.Build.0 = Release|Any CPU
		{96767E83-A371-43C1-97E4-0DC9BE435B30}.Debug|Any CPU.ActiveCfg = Debug|Any CPU
		{96767E83-A371-43C1-97E4-0DC9BE435B30}.Debug|Any CPU.Build.0 = Debug|Any CPU
		{96767E83-A371-43C1-97E4-0DC9BE435B30}.Release|Any CPU.ActiveCfg = Release|Any CPU
		{96767E83-A371-43C1-97E4-0DC9BE435B30}.Release|Any CPU.Build.0 = Release|Any CPU
		{0F9B004E-86B3-42BF-B4BD-ACB90107F1CC}.Debug|Any CPU.ActiveCfg = Debug|Any CPU
		{0F9B004E-86B3-42BF-B4BD-ACB90107F1CC}.Debug|Any CPU.Build.0 = Debug|Any CPU
		{0F9B004E-86B3-42BF-B4BD-ACB90107F1CC}.Release|Any CPU.ActiveCfg = Release|Any CPU
		{0F9B004E-86B3-42BF-B4BD-ACB90107F1CC}.Release|Any CPU.Build.0 = Release|Any CPU
		{279B15BD-B9DB-4229-8012-33C3DDFB07F6}.Debug|Any CPU.ActiveCfg = Debug|Any CPU
		{279B15BD-B9DB-4229-8012-33C3DDFB07F6}.Debug|Any CPU.Build.0 = Debug|Any CPU
		{279B15BD-B9DB-4229-8012-33C3DDFB07F6}.Release|Any CPU.ActiveCfg = Release|Any CPU
		{279B15BD-B9DB-4229-8012-33C3DDFB07F6}.Release|Any CPU.Build.0 = Release|Any CPU
		{034B07E5-C5C0-4BCE-AA2E-B3A8AEA592C0}.Debug|Any CPU.ActiveCfg = Debug|Any CPU
		{034B07E5-C5C0-4BCE-AA2E-B3A8AEA592C0}.Debug|Any CPU.Build.0 = Debug|Any CPU
		{034B07E5-C5C0-4BCE-AA2E-B3A8AEA592C0}.Release|Any CPU.ActiveCfg = Release|Any CPU
		{034B07E5-C5C0-4BCE-AA2E-B3A8AEA592C0}.Release|Any CPU.Build.0 = Release|Any CPU
		{FFE800A7-8ED1-43E0-8E90-3992E402875D}.Debug|Any CPU.ActiveCfg = Debug|Any CPU
		{FFE800A7-8ED1-43E0-8E90-3992E402875D}.Debug|Any CPU.Build.0 = Debug|Any CPU
		{FFE800A7-8ED1-43E0-8E90-3992E402875D}.Release|Any CPU.ActiveCfg = Release|Any CPU
		{FFE800A7-8ED1-43E0-8E90-3992E402875D}.Release|Any CPU.Build.0 = Release|Any CPU
		{BD4E2BD1-0573-48F5-B70A-0A7317459580}.Debug|Any CPU.ActiveCfg = Debug|Any CPU
		{BD4E2BD1-0573-48F5-B70A-0A7317459580}.Debug|Any CPU.Build.0 = Debug|Any CPU
		{BD4E2BD1-0573-48F5-B70A-0A7317459580}.Release|Any CPU.ActiveCfg = Release|Any CPU
		{BD4E2BD1-0573-48F5-B70A-0A7317459580}.Release|Any CPU.Build.0 = Release|Any CPU
		{F5235879-BA55-4AB5-9B4D-32460ADA1E47}.Debug|Any CPU.ActiveCfg = Debug|Any CPU
		{F5235879-BA55-4AB5-9B4D-32460ADA1E47}.Debug|Any CPU.Build.0 = Debug|Any CPU
		{F5235879-BA55-4AB5-9B4D-32460ADA1E47}.Release|Any CPU.ActiveCfg = Release|Any CPU
		{F5235879-BA55-4AB5-9B4D-32460ADA1E47}.Release|Any CPU.Build.0 = Release|Any CPU
		{AE4E5041-4590-432B-AE6A-F58A17948BA5}.Debug|Any CPU.ActiveCfg = Debug|Any CPU
		{AE4E5041-4590-432B-AE6A-F58A17948BA5}.Debug|Any CPU.Build.0 = Debug|Any CPU
		{AE4E5041-4590-432B-AE6A-F58A17948BA5}.Release|Any CPU.ActiveCfg = Release|Any CPU
		{AE4E5041-4590-432B-AE6A-F58A17948BA5}.Release|Any CPU.Build.0 = Release|Any CPU
		{38EF4308-788E-4042-9640-35852FB06C00}.Debug|Any CPU.ActiveCfg = Debug|Any CPU
		{38EF4308-788E-4042-9640-35852FB06C00}.Debug|Any CPU.Build.0 = Debug|Any CPU
		{38EF4308-788E-4042-9640-35852FB06C00}.Release|Any CPU.ActiveCfg = Release|Any CPU
		{38EF4308-788E-4042-9640-35852FB06C00}.Release|Any CPU.Build.0 = Release|Any CPU
	EndGlobalSection
	GlobalSection(SolutionProperties) = preSolution
		HideSolutionNode = FALSE
	EndGlobalSection
	GlobalSection(NestedProjects) = preSolution
		{1D26FBCF-3B7B-4CEE-90EE-148BFA0D958B} = {CBB56299-3FA0-47C5-9E58-981793F1576C}
		{CC390527-1320-4428-B789-DEB66A22178E} = {CBB56299-3FA0-47C5-9E58-981793F1576C}
		{196F4F21-AFB4-458D-85F8-12ABFC26724E} = {CBB56299-3FA0-47C5-9E58-981793F1576C}
		{9986453E-A209-4687-B884-B12B312249B8} = {CBB56299-3FA0-47C5-9E58-981793F1576C}
		{96767E83-A371-43C1-97E4-0DC9BE435B30} = {CBB56299-3FA0-47C5-9E58-981793F1576C}
		{0F9B004E-86B3-42BF-B4BD-ACB90107F1CC} = {CBB56299-3FA0-47C5-9E58-981793F1576C}
		{279B15BD-B9DB-4229-8012-33C3DDFB07F6} = {CBB56299-3FA0-47C5-9E58-981793F1576C}
		{034B07E5-C5C0-4BCE-AA2E-B3A8AEA592C0} = {CBB56299-3FA0-47C5-9E58-981793F1576C}
		{FFE800A7-8ED1-43E0-8E90-3992E402875D} = {CBB56299-3FA0-47C5-9E58-981793F1576C}
		{BD4E2BD1-0573-48F5-B70A-0A7317459580} = {CBB56299-3FA0-47C5-9E58-981793F1576C}
		{F5235879-BA55-4AB5-9B4D-32460ADA1E47} = {CBB56299-3FA0-47C5-9E58-981793F1576C}
		{AE4E5041-4590-432B-AE6A-F58A17948BA5} = {CBB56299-3FA0-47C5-9E58-981793F1576C}
		{38EF4308-788E-4042-9640-35852FB06C00} = {CBB56299-3FA0-47C5-9E58-981793F1576C}
	EndGlobalSection
	GlobalSection(ExtensibilityGlobals) = postSolution
		SolutionGuid = {0328F596-308E-4D43-8B0B-6D7DB8B0911B}
	EndGlobalSection
EndGlobal
